{
    "_meta": {
        "hash": {
            "sha256": "bc37bc498abae8b8311938a804e75ba6c317d5879121d1512e1dba715a7abb07"
        },
        "pipfile-spec": 6,
        "requires": {
            "python_version": "3.7"
        },
        "sources": [
            {
                "name": "pypi",
                "url": "http://mirrors.aliyun.com/pypi/simple/",
                "verify_ssl": false
            }
        ]
    },
    "default": {},
    "develop": {}
}
